Microsoft Visual Studio Solution File, Format Version 12.00
# Visual Studio Version 18
VisualStudioVersion = 18.6.11806.211 stable
MinimumVisualStudioVersion = 10.0.40219.1
Project("{FAE04EC0-301F-11D3-BF4B-00C04F79EFBC}") = "Ticketing.Domain", "Ticketing.Domain\Ticketing.Domain.csproj", "{A1B2C3D4-1111-4444-8888-AAAAAAAAAAA1}"
EndProject
Project("{FAE04EC0-301F-11D3-BF4B-00C04F79EFBC}") = "Ticketing.Data", "Ticketing.Data\Ticketing.Data.csproj", "{A1B2C3D4-1111-4444-8888-AAAAAAAAAAA2}"
EndProject
Project("{FAE04EC0-301F-11D3-BF4B-00C04F79EFBC}") = "Ticketing.DAL", "Ticketing.DAL\Ticketing.DAL.csproj", "{A1B2C3D4-1111-4444-8888-AAAAAAAAAAA3}"
EndProject
Project("{FAE04EC0-301F-11D3-BF4B-00C04F79EFBC}") = "Ticketing.Services", "Ticketing.Services\Ticketing.Services.csproj", "{A1B2C3D4-1111-4444-8888-AAAAAAAAAAA4}"
EndProject
Project("{FAE04EC0-301F-11D3-BF4B-00C04F79EFBC}") = "Ticketing.Api", "Ticketing.Api\Ticketing.Api.csproj", "{A1B2C3D4-1111-4444-8888-AAAAAAAAAAA5}"
EndProject
Project("{FAE04EC0-301F-11D3-BF4B-00C04F79EFBC}") = "Ticketing.Tests", "Ticketing.Tests\Ticketing.Tests.csproj", "{A883E728-55EE-9299-280C-8A7175919DB8}"
EndProject
Global
	GlobalSection(SolutionConfigurationPlatforms) = preSolution
		Debug|Any CPU = Debug|Any CPU
		Release|Any CPU = Release|Any CPU
	EndGlobalSection
	GlobalSection(ProjectConfigurationPlatforms) = postSolution
		{A1B2C3D4-1111-4444-8888-AAAAAAAAAAA1}.Debug|Any CPU.ActiveCfg = Debug|Any CPU
		{A1B2C3D4-1111-4444-8888-AAAAAAAAAAA1}.Debug|Any CPU.Build.0 = Debug|Any CPU
		{A1B2C3D4-1111-4444-8888-AAAAAAAAAAA1}.Release|Any CPU.ActiveCfg = Release|Any CPU
		{A1B2C3D4-1111-4444-8888-AAAAAAAAAAA1}.Release|Any CPU.Build.0 = Release|Any CPU
		{A1B2C3D4-1111-4444-8888-AAAAAAAAAAA2}.Debug|Any CPU.ActiveCfg = Debug|Any CPU
		{A1B2C3D4-1111-4444-8888-AAAAAAAAAAA2}.Debug|Any CPU.Build.0 = Debug|Any CPU
		{A1B2C3D4-1111-4444-8888-AAAAAAAAAAA2}.Release|Any CPU.ActiveCfg = Release|Any CPU
		{A1B2C3D4-1111-4444-8888-AAAAAAAAAAA2}.Release|Any CPU.Build.0 = Release|Any CPU
		{A1B2C3D4-1111-4444-8888-AAAAAAAAAAA3}.Debug|Any CPU.ActiveCfg = Debug|Any CPU
		{A1B2C3D4-1111-4444-8888-AAAAAAAAAAA3}.Debug|Any CPU.Build.0 = Debug|Any CPU
		{A1B2C3D4-1111-4444-8888-AAAAAAAAAAA3}.Release|Any CPU.ActiveCfg = Release|Any CPU
		{A1B2C3D4-1111-4444-8888-AAAAAAAAAAA3}.Release|Any CPU.Build.0 = Release|Any CPU
		{A1B2C3D4-1111-4444-8888-AAAAAAAAAAA4}.Debug|Any CPU.ActiveCfg = Debug|Any CPU
		{A1B2C3D4-1111-4444-8888-AAAAAAAAAAA4}.Debug|Any CPU.Build.0 = Debug|Any CPU
		{A1B2C3D4-1111-4444-8888-AAAAAAAAAAA4}.Release|Any CPU.ActiveCfg = Release|Any CPU
		{A1B2C3D4-1111-4444-8888-AAAAAAAAAAA4}.Release|Any CPU.Build.0 = Release|Any CPU
		{A1B2C3D4-1111-4444-8888-AAAAAAAAAAA5}.Debug|Any CPU.ActiveCfg = Debug|Any CPU
		{A1B2C3D4-1111-4444-8888-AAAAAAAAAAA5}.Debug|Any CPU.Build.0 = Debug|Any CPU
		{A1B2C3D4-1111-4444-8888-AAAAAAAAAAA5}.Release|Any CPU.ActiveCfg = Release|Any CPU
		{A1B2C3D4-1111-4444-8888-AAAAAAAAAAA5}.Release|Any CPU.Build.0 = Release|Any CPU
		{A883E728-55EE-9299-280C-8A7175919DB8}.Debug|Any CPU.ActiveCfg = Debug|Any CPU
		{A883E728-55EE-9299-280C-8A7175919DB8}.Debug|Any CPU.Build.0 = Debug|Any CPU
		{A883E728-55EE-9299-280C-8A7175919DB8}.Release|Any CPU.ActiveCfg = Release|Any CPU
		{A883E728-55EE-9299-280C-8A7175919DB8}.Release|Any CPU.Build.0 = Release|Any CPU
	EndGlobalSection
	GlobalSection(SolutionProperties) = preSolution
		HideSolutionNode = FALSE
	EndGlobalSection
	GlobalSection(ExtensibilityGlobals) = postSolution
		SolutionGuid = {D986D435-DE54-4E16-88BB-AA944FB5180B}
	EndGlobalSection
EndGlobal
